// !$*UTF8*$!
{
	archiveVersion = 1;
	classes = {
	};
	objectVersion = 46;
	objects = {

/* Begin PBXBuildFile section */
		2CA990D51E9F45D600200C25 /* AppDelegate.swift in Sources */ = {isa = PBXBuildFile; fileRef = 2CA990D41E9F45D600200C25 /* AppDelegate.swift */; };
		2CA990DA1E9F45D600200C25 /* Main.storyboard in Resources */ = {isa = PBXBuildFile; fileRef = 2CA990D81E9F45D600200C25 /* Main.storyboard */; };
		2CA990DC1E9F45D600200C25 /* Assets.xcassets in Resources */ = {isa = PBXBuildFile; fileRef = 2CA990DB1E9F45D600200C25 /* Assets.xcassets */; };
		2CA990DF1E9F45D600200C25 /* LaunchScreen.storyboard in Resources */ = {isa = PBXBuildFile; fileRef = 2CA990DD1E9F45D600200C25 /* LaunchScreen.storyboard */; };
		2CA990E71E9F462A00200C25 /* MeetingRoomsViewController.swift in Sources */ = {isa = PBXBuildFile; fileRef = 2CA990E61E9F462A00200C25 /* MeetingRoomsViewController.swift */; };
		2CA990E91E9F46F700200C25 /* MeetingRooms.swift in Sources */ = {isa = PBXBuildFile; fileRef = 2CA990E81E9F46F700200C25 /* MeetingRooms.swift */; };
		2CA9910B1E9F513300200C25 /* MyViewController.swift in Sources */ = {isa = PBXBuildFile; fileRef = 2CA9910A1E9F513300200C25 /* MyViewController.swift */; };
/* End PBXBuildFile section */

/* Begin PBXFileReference section */
		2CA990D11E9F45D600200C25 /* MeetingRooms.app */ = {isa = PBXFileReference; explicitFileType = wrapper.application; includeInIndex = 0; path = MeetingRooms.app; sourceTree = BUILT_PRODUCTS_DIR; };
		2CA990D41E9F45D600200C25 /* AppDelegate.swift */ = {isa = PBXFileReference; lastKnownFileType = sourcecode.swift; path = AppDelegate.swift; sourceTree = "<group>"; };
		2CA990D91E9F45D600200C25 /* Base */ = {isa = PBXFileReference; lastKnownFileType = file.storyboard; name = Base; path = Base.lproj/Main.storyboard; sourceTree = "<group>"; };
		2CA990DB1E9F45D600200C25 /* Assets.xcassets */ = {isa = PBXFileReference; lastKnownFileType = folder.assetcatalog; path = Assets.xcassets; sourceTree = "<group>"; };
		2CA990DE1E9F45D600200C25 /* Base */ = {isa = PBXFileReference; lastKnownFileType = file.storyboard; name = Base; path = Base.lproj/LaunchScreen.storyboard; sourceTree = "<group>"; };
		2CA990E01E9F45D600200C25 /* Info.plist */ = {isa = PBXFileReference; lastKnownFileType = text.plist.xml; path = Info.plist; sourceTree = "<group>"; };
		2CA990E61E9F462A00200C25 /* MeetingRoomsViewController.swift */ = {isa = PBXFileReference; fileEncoding = 4; lastKnownFileType = sourcecode.swift; path = MeetingRoomsViewController.swift; sourceTree = "<group>"; };
		2CA990E81E9F46F700200C25 /* MeetingRooms.swift */ = {isa = PBXFileReference; fileEncoding = 4; lastKnownFileType = sourcecode.swift; path = MeetingRooms.swift; sourceTree = "<group>"; };
		2CA9910A1E9F513300200C25 /* MyViewController.swift */ = {isa = PBXFileReference; fileEncoding = 4; lastKnownFileType = sourcecode.swift; path = MyViewController.swift; sourceTree = "<group>"; };
/* End PBXFileReference section */

/* Begin PBXFrameworksBuildPhase section */
		2CA990CE1E9F45D600200C25 /* Frameworks */ = {
			isa = PBXFrameworksBuildPhase;
			buildActionMask = 2147483647;
			files = (
			);
			runOnlyForDeploymentPostprocessing = 0;
		};
/* End PBXFrameworksBuildPhase section */

/* Begin PBXGroup section */
		2CA990C81E9F45D600200C25 = {
			isa = PBXGroup;
			children = (
				2CA990D31E9F45D600200C25 /* MeetingRooms */,
				2CA990D21E9F45D600200C25 /* Products */,
			);
			sourceTree = "<group>";
		};
		2CA990D21E9F45D600200C25 /* Products */ = {
			isa = PBXGroup;
			children = (
				2CA990D11E9F45D600200C25 /* MeetingRooms.app */,
			);
			name = Products;
			sourceTree = "<group>";
		};
		2CA990D31E9F45D600200C25 /* MeetingRooms */ = {
			isa = PBXGroup;
			children = (
				2CA990D41E9F45D600200C25 /* AppDelegate.swift */,
				2CA990D81E9F45D600200C25 /* Main.storyboard */,
				2CA9910A1E9F513300200C25 /* MyViewController.swift */,
				2CA990E61E9F462A00200C25 /* MeetingRoomsViewController.swift */,
				2CA990E81E9F46F700200C25 /* MeetingRooms.swift */,
				2CA990DB1E9F45D600200C25 /* Assets.xcassets */,
				2CA990DD1E9F45D600200C25 /* LaunchScreen.storyboard */,
				2CA990E01E9F45D600200C25 /* Info.plist */,
			);
			path = MeetingRooms;
			sourceTree = "<group>";
		};
/* End PBXGroup section */

/* Begin PBXNativeTarget section */
		2CA990D01E9F45D600200C25 /* MeetingRooms */ = {
			isa = PBXNativeTarget;
			buildConfigurationList = 2CA990E31E9F45D600200C25 /* Build configuration list for PBXNativeTarget "MeetingRooms" */;
			buildPhases = (
				2CA990CD1E9F45D600200C25 /* Sources */,
				2CA990CE1E9F45D600200C25 /* Frameworks */,
				2CA990CF1E9F45D600200C25 /* Resources */,
			);
			buildRules = (
			);
			dependencies = (
			);
			name = MeetingRooms;
			productName = MeetingRooms;
			productReference = 2CA990D11E9F45D600200C25 /* MeetingRooms.app */;
			productType = "com.apple.product-type.application";
		};
/* End PBXNativeTarget section */

/* Begin PBXProject section */
		2CA990C91E9F45D600200C25 /* Project object */ = {
			isa = PBXProject;
			attributes = {
				LastSwiftUpdateCheck = 0830;
				LastUpgradeCheck = 0830;
				ORGANIZATIONNAME = vanillastep;
				TargetAttributes = {
					2CA990D01E9F45D600200C25 = {
						CreatedOnToolsVersion = 8.3;
						ProvisioningStyle = Automatic;
					};
				};
			};
			buildConfigurationList = 2CA990CC1E9F45D600200C25 /* Build configuration list for PBXProject "MeetingRooms" */;
			compatibilityVersion = "Xcode 3.2";
			developmentRegion = English;
			hasScannedForEncodings = 0;
			knownRegions = (
				en,
				Base,
			);
			mainGroup = 2CA990C81E9F45D600200C25;
			productRefGroup = 2CA990D21E9F45D600200C25 /* Products */;
			projectDirPath = "";
			projectRoot = "";
			targets = (
				2CA990D01E9F45D600200C25 /* MeetingRooms */,
			);
		};
/* End PBXProject section */

/* Begin PBXResourcesBuildPhase section */
		2CA990CF1E9F45D600200C25 /* Resources */ = {
			isa = PBXResourcesBuildPhase;
			buildActionMask = 2147483647;
			files = (
				2CA990DF1E9F45D600200C25 /* LaunchScreen.storyboard in Resources */,
				2CA990DC1E9F45D600200C25 /* Assets.xcassets in Resources */,
				2CA990DA1E9F45D600200C25 /* Main.storyboard in Resources */,
			);
			runOnlyForDeploymentPostprocessing = 0;
		};
/* End PBXResourcesBuildPhase section */

/* Begin PBXSourcesBuildPhase section */
		2CA990CD1E9F45D600200C25 /* Sources */ = {
			isa = PBXSourcesBuildPhase;
			buildActionMask = 2147483647;
			files = (
				2CA990E71E9F462A00200C25 /* MeetingRoomsViewController.swift in Sources */,
				2CA990E91E9F46F700200C25 /* MeetingRooms.swift in Sources */,
				2CA9910B1E9F513300200C25 /* MyViewController.swift in Sources */,
				2CA990D51E9F45D600200C25 /* AppDelegate.swift in Sources */,
			);
			runOnlyForDeploymentPostprocessing = 0;
		};
/* End PBXSourcesBuildPhase section */

/* Begin PBXVariantGroup section */
		2CA990D81E9F45D600200C25 /* Main.storyboard */ = {
			isa = PBXVariantGroup;
			children = (
				2CA990D91E9F45D600200C25 /* Base */,
			);
			name = Main.storyboard;
			sourceTree = "<group>";
		};
		2CA990DD1E9F45D600200C25 /* LaunchScreen.storyboard */ = {
			isa = PBXVariantGroup;
			children = (
				2CA990DE1E9F45D600200C25 /* Base */,
			);
			name = LaunchScreen.storyboard;
			sourceTree = "<group>";
		};
/* End PBXVariantGroup section */

/* Begin XCBuildConfiguration section */
		2CA990E11E9F45D600200C25 /* Debug */ = {
			isa = XCBuildConfiguration;
			buildSettings = {
				ALWAYS_SEARCH_USER_PATHS = NO;
				CLANG_ANALYZER_NONNULL = YES;
				CLANG_ANALYZER_NUMBER_OBJECT_CONVERSION = YES_AGGRESSIVE;
				CLANG_CXX_LANGUAGE_STANDARD = "gnu++0x";
				CLANG_CXX_LIBRARY = "libc++";
				CLANG_ENABLE_MODULES = YES;
				CLANG_ENABLE_OBJC_ARC = YES;
				CLANG_WARN_BOOL_CONVERSION = YES;
				CLANG_WARN_CONSTANT_CONVERSION = YES;
				CLANG_WARN_DIRECT_OBJC_ISA_USAGE = YES_ERROR;
				CLANG_WARN_DOCUMENTATION_COMMENTS = YES;
				CLANG_WARN_EMPTY_BODY = YES;
				CLANG_WARN_ENUM_CONVERSION = YES;
				CLANG_WARN_INFINITE_RECURSION = YES;
				CLANG_WARN_INT_CONVERSION = YES;
				CLANG_WARN_OBJC_ROOT_CLASS = YES_ERROR;
				CLANG_WARN_SUSPICIOUS_MOVE = YES;
				CLANG_WARN_UNREACHABLE_CODE = YES;
				CLANG_WARN__DUPLICATE_METHOD_MATCH = YES;
				"CODE_SIGN_IDENTITY[sdk=iphoneos*]" = "iPhone Developer";
				COPY_PHASE_STRIP = NO;
				DEBUG_INFORMATION_FORMAT = dwarf;
				ENABLE_STRICT_OBJC_MSGSEND = YES;
				ENABLE_TESTABILITY = YES;
				GCC_C_LANGUAGE_STANDARD = gnu99;
				GCC_DYNAMIC_NO_PIC = NO;
				GCC_NO_COMMON_BLOCKS = YES;
				GCC_OPTIMIZATION_LEVEL = 0;
				GCC_PREPROCESSOR_DEFINITIONS = (
					"DEBUG=1",
					"$(inherited)",
				);
				GCC_WARN_64_TO_32_BIT_CONVERSION = YES;
				GCC_WARN_ABOUT_RETURN_TYPE = YES_ERROR;
				GCC_WARN_UNDECLARED_SELECTOR = YES;
				GCC_WARN_UNINITIALIZED_AUTOS = YES_AGGRESSIVE;
				GCC_WARN_UNUSED_FUNCTION = YES;
				GCC_WARN_UNUSED_VARIABLE = YES;
				IPHONEOS_DEPLOYMENT_TARGET = 10.3;
				MTL_ENABLE_DEBUG_INFO = YES;
				ONLY_ACTIVE_ARCH = YES;
				SDKROOT = iphoneos;
				SWIFT_ACTIVE_COMPILATION_CONDITIONS = DEBUG;
				SWIFT_OPTIMIZATION_LEVEL = "-Onone";
				TARGETED_DEVICE_FAMILY = "1,2";
			};
			name = Debug;
		};
		2CA990E21E9F45D600200C25 /* Release */ = {
			isa = XCBuildConfiguration;
			buildSettings = {
				ALWAYS_SEARCH_USER_PATHS = NO;
				CLANG_ANALYZER_NONNULL = YES;
				CLANG_ANALYZER_NUMBER_OBJECT_CONVERSION = YES_AGGRESSIVE;
				CLANG_CXX_LANGUAGE_STANDARD = "gnu++0x";
				CLANG_CXX_LIBRARY = "libc++";
				CLANG_ENABLE_MODULES = YES;
				CLANG_ENABLE_OBJC_ARC = YES;
				CLANG_WARN_BOOL_CONVERSION = YES;
				CLANG_WARN_CONSTANT_CONVERSION = YES;
				CLANG_WARN_DIRECT_OBJC_ISA_USAGE = YES_ERROR;
				CLANG_WARN_DOCUMENTATION_COMMENTS = YES;
				CLANG_WARN_EMPTY_BODY = YES;
				CLANG_WARN_ENUM_CONVERSION = YES;
				CLANG_WARN_INFINITE_RECURSION = YES;
				CLANG_WARN_INT_CONVERSION = YES;
				CLANG_WARN_OBJC_ROOT_CLASS = YES_ERROR;
				CLANG_WARN_SUSPICIOUS_MOVE = YES;
				CLANG_WARN_UNREACHABLE_CODE = YES;
				CLANG_WARN__DUPLICATE_METHOD_MATCH = YES;
				"CODE_SIGN_IDENTITY[sdk=iphoneos*]" = "iPhone Developer";
				COPY_PHASE_STRIP = NO;
				DEBUG_INFORMATION_FORMAT = "dwarf-with-dsym";
				ENABLE_NS_ASSERTIONS = NO;
				ENABLE_STRICT_OBJC_MSGSEND = YES;
				GCC_C_LANGUAGE_STANDARD = gnu99;
				GCC_NO_COMMON_BLOCKS = YES;
				GCC_WARN_64_TO_32_BIT_CONVERSION = YES;
				GCC_WARN_ABOUT_RETURN_TYPE = YES_ERROR;
				GCC_WARN_UNDECLARED_SELECTOR = YES;
				GCC_WARN_UNINITIALIZED_AUTOS = YES_AGGRESSIVE;
				GCC_WARN_UNUSED_FUNCTION = YES;
				GCC_WARN_UNUSED_VARIABLE = YES;
				IPHONEOS_DEPLOYMENT_TARGET = 10.3;
				MTL_ENABLE_DEBUG_INFO = NO;
				SDKROOT = iphoneos;
				SWIFT_OPTIMIZATION_LEVEL = "-Owholemodule";
				TARGETED_DEVICE_FAMILY = "1,2";
				VALIDATE_PRODUCT = YES;
			};
			name = Release;
		};
		2CA990E41E9F45D600200C25 /* Debug */ = {
			isa = XCBuildConfiguration;
			buildSettings = {
				ASSETCATALOG_COMPILER_APPICON_NAME = AppIcon;
				INFOPLIST_FILE = MeetingRooms/Info.plist;
				LD_RUNPATH_SEARCH_PATHS = "$(inherited) @executable_path/Frameworks";
				PRODUCT_BUNDLE_IDENTIFIER = com.vanillastep.MeetingRooms;
				PRODUCT_NAME = "$(TARGET_NAME)";
				SWIFT_VERSION = 3.0;
			};
			name = Debug;
		};
		2CA990E51E9F45D600200C25 /* Release */ = {
			isa = XCBuildConfiguration;
			buildSettings = {
				ASSETCATALOG_COMPILER_APPICON_NAME = AppIcon;
				INFOPLIST_FILE = MeetingRooms/Info.plist;
				LD_RUNPATH_SEARCH_PATHS = "$(inherited) @executable_path/Frameworks";
				PRODUCT_BUNDLE_IDENTIFIER = com.vanillastep.MeetingRooms;
				PRODUCT_NAME = "$(TARGET_NAME)";
				SWIFT_VERSION = 3.0;
			};
			name = Release;
		};
/* End XCBuildConfiguration section */

/* Begin XCConfigurationList section */
		2CA990CC1E9F45D600200C25 /* Build configuration list for PBXProject "MeetingRooms" */ = {
			isa = XCConfigurationList;
			buildConfigurations = (
				2CA990E11E9F45D600200C25 /* Debug */,
				2CA990E21E9F45D600200C25 /* Release */,
			);
			defaultConfigurationIsVisible = 0;
			defaultConfigurationName = Release;
		};
		2CA990E31E9F45D600200C25 /* Build configuration list for PBXNativeTarget "MeetingRooms" */ = {
			isa = XCConfigurationList;
			buildConfigurations = (
				2CA990E41E9F45D600200C25 /* Debug */,
				2CA990E51E9F45D600200C25 /* Release */,
			);
			defaultConfigurationIsVisible = 0;
			defaultConfigurationName = Release;
		};
/* End XCConfigurationList section */
	};
	rootObject = 2CA990C91E9F45D600200C25 /* Project object */;
}
