// !$*UTF8*$!
{
	archiveVersion = 1;
	classes = {
	};
	objectVersion = 46;
	objects = {

/* Begin PBXBuildFile section */
		810C90461E9F391E00F65A44 /* AppDelegate.swift in Sources */ = {isa = PBXBuildFile; fileRef = 810C90451E9F391E00F65A44 /* AppDelegate.swift */; };
		810C90481E9F391E00F65A44 /* ViewController.swift in Sources */ = {isa = PBXBuildFile; fileRef = 810C90471E9F391E00F65A44 /* ViewController.swift */; };
		810C904B1E9F391E00F65A44 /* Main.storyboard in Resources */ = {isa = PBXBuildFile; fileRef = 810C90491E9F391E00F65A44 /* Main.storyboard */; };
		810C904D1E9F391E00F65A44 /* Assets.xcassets in Resources */ = {isa = PBXBuildFile; fileRef = 810C904C1E9F391E00F65A44 /* Assets.xcassets */; };
		810C90501E9F391E00F65A44 /* LaunchScreen.storyboard in Resources */ = {isa = PBXBuildFile; fileRef = 810C904E1E9F391E00F65A44 /* LaunchScreen.storyboard */; };
		810C905B1E9F391E00F65A44 /* Day2_TableViewTests.swift in Sources */ = {isa = PBXBuildFile; fileRef = 810C905A1E9F391E00F65A44 /* Day2_TableViewTests.swift */; };
		810C90661E9F391E00F65A44 /* Day2_TableViewUITests.swift in Sources */ = {isa = PBXBuildFile; fileRef = 810C90651E9F391E00F65A44 /* Day2_TableViewUITests.swift */; };
		810C90741E9F3E8E00F65A44 /* MyTableViewController.swift in Sources */ = {isa = PBXBuildFile; fileRef = 810C90731E9F3E8E00F65A44 /* MyTableViewController.swift */; };
/* End PBXBuildFile section */

/* Begin PBXContainerItemProxy section */
		810C90571E9F391E00F65A44 /* PBXContainerItemProxy */ = {
			isa = PBXContainerItemProxy;
			containerPortal = 810C903A1E9F391E00F65A44 /* Project object */;
			proxyType = 1;
			remoteGlobalIDString = 810C90411E9F391E00F65A44;
			remoteInfo = Day2_TableView;
		};
		810C90621E9F391E00F65A44 /* PBXContainerItemProxy */ = {
			isa = PBXContainerItemProxy;
			containerPortal = 810C903A1E9F391E00F65A44 /* Project object */;
			proxyType = 1;
			remoteGlobalIDString = 810C90411E9F391E00F65A44;
			remoteInfo = Day2_TableView;
		};
/* End PBXContainerItemProxy section */

/* Begin PBXFileReference section */
		810C90421E9F391E00F65A44 /* Day2_TableView.app */ = {isa = PBXFileReference; explicitFileType = wrapper.application; includeInIndex = 0; path = Day2_TableView.app; sourceTree = BUILT_PRODUCTS_DIR; };
		810C90451E9F391E00F65A44 /* AppDelegate.swift */ = {isa = PBXFileReference; lastKnownFileType = sourcecode.swift; path = AppDelegate.swift; sourceTree = "<group>"; };
		810C90471E9F391E00F65A44 /* ViewController.swift */ = {isa = PBXFileReference; lastKnownFileType = sourcecode.swift; path = ViewController.swift; sourceTree = "<group>"; };
		810C904A1E9F391E00F65A44 /* Base */ = {isa = PBXFileReference; lastKnownFileType = file.storyboard; name = Base; path = Base.lproj/Main.storyboard; sourceTree = "<group>"; };
		810C904C1E9F391E00F65A44 /* Assets.xcassets */ = {isa = PBXFileReference; lastKnownFileType = folder.assetcatalog; path = Assets.xcassets; sourceTree = "<group>"; };
		810C904F1E9F391E00F65A44 /* Base */ = {isa = PBXFileReference; lastKnownFileType = file.storyboard; name = Base; path = Base.lproj/LaunchScreen.storyboard; sourceTree = "<group>"; };
		810C90511E9F391E00F65A44 /* Info.plist */ = {isa = PBXFileReference; lastKnownFileType = text.plist.xml; path = Info.plist; sourceTree = "<group>"; };
		810C90561E9F391E00F65A44 /* Day2_TableViewTests.xctest */ = {isa = PBXFileReference; explicitFileType = wrapper.cfbundle; includeInIndex = 0; path = Day2_TableViewTests.xctest; sourceTree = BUILT_PRODUCTS_DIR; };
		810C905A1E9F391E00F65A44 /* Day2_TableViewTests.swift */ = {isa = PBXFileReference; lastKnownFileType = sourcecode.swift; path = Day2_TableViewTests.swift; sourceTree = "<group>"; };
		810C905C1E9F391E00F65A44 /* Info.plist */ = {isa = PBXFileReference; lastKnownFileType = text.plist.xml; path = Info.plist; sourceTree = "<group>"; };
		810C90611E9F391E00F65A44 /* Day2_TableViewUITests.xctest */ = {isa = PBXFileReference; explicitFileType = wrapper.cfbundle; includeInIndex = 0; path = Day2_TableViewUITests.xctest; sourceTree = BUILT_PRODUCTS_DIR; };
		810C90651E9F391E00F65A44 /* Day2_TableViewUITests.swift */ = {isa = PBXFileReference; lastKnownFileType = sourcecode.swift; path = Day2_TableViewUITests.swift; sourceTree = "<group>"; };
		810C90671E9F391E00F65A44 /* Info.plist */ = {isa = PBXFileReference; lastKnownFileType = text.plist.xml; path = Info.plist; sourceTree = "<group>"; };
		810C90731E9F3E8E00F65A44 /* MyTableViewController.swift */ = {isa = PBXFileReference; fileEncoding = 4; lastKnownFileType = sourcecode.swift; name = MyTableViewController.swift; path = ../MyTableViewController.swift; sourceTree = "<group>"; };
/* End PBXFileReference section */

/* Begin PBXFrameworksBuildPhase section */
		810C903F1E9F391E00F65A44 /* Frameworks */ = {
			isa = PBXFrameworksBuildPhase;
			buildActionMask = 2147483647;
			files = (
			);
			runOnlyForDeploymentPostprocessing = 0;
		};
		810C90531E9F391E00F65A44 /* Frameworks */ = {
			isa = PBXFrameworksBuildPhase;
			buildActionMask = 2147483647;
			files = (
			);
			runOnlyForDeploymentPostprocessing = 0;
		};
		810C905E1E9F391E00F65A44 /* Frameworks */ = {
			isa = PBXFrameworksBuildPhase;
			buildActionMask = 2147483647;
			files = (
			);
			runOnlyForDeploymentPostprocessing = 0;
		};
/* End PBXFrameworksBuildPhase section */

/* Begin PBXGroup section */
		810C90391E9F391E00F65A44 = {
			isa = PBXGroup;
			children = (
				810C90441E9F391E00F65A44 /* Day2_TableView */,
				810C90591E9F391E00F65A44 /* Day2_TableViewTests */,
				810C90641E9F391E00F65A44 /* Day2_TableViewUITests */,
				810C90431E9F391E00F65A44 /* Products */,
			);
			sourceTree = "<group>";
		};
		810C90431E9F391E00F65A44 /* Products */ = {
			isa = PBXGroup;
			children = (
				810C90421E9F391E00F65A44 /* Day2_TableView.app */,
				810C90561E9F391E00F65A44 /* Day2_TableViewTests.xctest */,
				810C90611E9F391E00F65A44 /* Day2_TableViewUITests.xctest */,
			);
			name = Products;
			sourceTree = "<group>";
		};
		810C90441E9F391E00F65A44 /* Day2_TableView */ = {
			isa = PBXGroup;
			children = (
				810C90731E9F3E8E00F65A44 /* MyTableViewController.swift */,
				810C90451E9F391E00F65A44 /* AppDelegate.swift */,
				810C90471E9F391E00F65A44 /* ViewController.swift */,
				810C90491E9F391E00F65A44 /* Main.storyboard */,
				810C904C1E9F391E00F65A44 /* Assets.xcassets */,
				810C904E1E9F391E00F65A44 /* LaunchScreen.storyboard */,
				810C90511E9F391E00F65A44 /* Info.plist */,
			);
			path = Day2_TableView;
			sourceTree = "<group>";
		};
		810C90591E9F391E00F65A44 /* Day2_TableViewTests */ = {
			isa = PBXGroup;
			children = (
				810C905A1E9F391E00F65A44 /* Day2_TableViewTests.swift */,
				810C905C1E9F391E00F65A44 /* Info.plist */,
			);
			path = Day2_TableViewTests;
			sourceTree = "<group>";
		};
		810C90641E9F391E00F65A44 /* Day2_TableViewUITests */ = {
			isa = PBXGroup;
			children = (
				810C90651E9F391E00F65A44 /* Day2_TableViewUITests.swift */,
				810C90671E9F391E00F65A44 /* Info.plist */,
			);
			path = Day2_TableViewUITests;
			sourceTree = "<group>";
		};
/* End PBXGroup section */

/* Begin PBXNativeTarget section */
		810C90411E9F391E00F65A44 /* Day2_TableView */ = {
			isa = PBXNativeTarget;
			buildConfigurationList = 810C906A1E9F391E00F65A44 /* Build configuration list for PBXNativeTarget "Day2_TableView" */;
			buildPhases = (
				810C903E1E9F391E00F65A44 /* Sources */,
				810C903F1E9F391E00F65A44 /* Frameworks */,
				810C90401E9F391E00F65A44 /* Resources */,
			);
			buildRules = (
			);
			dependencies = (
			);
			name = Day2_TableView;
			productName = Day2_TableView;
			productReference = 810C90421E9F391E00F65A44 /* Day2_TableView.app */;
			productType = "com.apple.product-type.application";
		};
		810C90551E9F391E00F65A44 /* Day2_TableViewTests */ = {
			isa = PBXNativeTarget;
			buildConfigurationList = 810C906D1E9F391E00F65A44 /* Build configuration list for PBXNativeTarget "Day2_TableViewTests" */;
			buildPhases = (
				810C90521E9F391E00F65A44 /* Sources */,
				810C90531E9F391E00F65A44 /* Frameworks */,
				810C90541E9F391E00F65A44 /* Resources */,
			);
			buildRules = (
			);
			dependencies = (
				810C90581E9F391E00F65A44 /* PBXTargetDependency */,
			);
			name = Day2_TableViewTests;
			productName = Day2_TableViewTests;
			productReference = 810C90561E9F391E00F65A44 /* Day2_TableViewTests.xctest */;
			productType = "com.apple.product-type.bundle.unit-test";
		};
		810C90601E9F391E00F65A44 /* Day2_TableViewUITests */ = {
			isa = PBXNativeTarget;
			buildConfigurationList = 810C90701E9F391E00F65A44 /* Build configuration list for PBXNativeTarget "Day2_TableViewUITests" */;
			buildPhases = (
				810C905D1E9F391E00F65A44 /* Sources */,
				810C905E1E9F391E00F65A44 /* Frameworks */,
				810C905F1E9F391E00F65A44 /* Resources */,
			);
			buildRules = (
			);
			dependencies = (
				810C90631E9F391E00F65A44 /* PBXTargetDependency */,
			);
			name = Day2_TableViewUITests;
			productName = Day2_TableViewUITests;
			productReference = 810C90611E9F391E00F65A44 /* Day2_TableViewUITests.xctest */;
			productType = "com.apple.product-type.bundle.ui-testing";
		};
/* End PBXNativeTarget section */

/* Begin PBXProject section */
		810C903A1E9F391E00F65A44 /* Project object */ = {
			isa = PBXProject;
			attributes = {
				LastSwiftUpdateCheck = 0830;
				LastUpgradeCheck = 0830;
				ORGANIZATIONNAME = "Kim Dong-woo";
				TargetAttributes = {
					810C90411E9F391E00F65A44 = {
						CreatedOnToolsVersion = 8.3.1;
						DevelopmentTeam = Y5QWNYRA25;
						ProvisioningStyle = Automatic;
					};
					810C90551E9F391E00F65A44 = {
						CreatedOnToolsVersion = 8.3.1;
						DevelopmentTeam = Y5QWNYRA25;
						ProvisioningStyle = Automatic;
						TestTargetID = 810C90411E9F391E00F65A44;
					};
					810C90601E9F391E00F65A44 = {
						CreatedOnToolsVersion = 8.3.1;
						DevelopmentTeam = Y5QWNYRA25;
						ProvisioningStyle = Automatic;
						TestTargetID = 810C90411E9F391E00F65A44;
					};
				};
			};
			buildConfigurationList = 810C903D1E9F391E00F65A44 /* Build configuration list for PBXProject "Day2_TableView" */;
			compatibilityVersion = "Xcode 3.2";
			developmentRegion = English;
			hasScannedForEncodings = 0;
			knownRegions = (
				en,
				Base,
			);
			mainGroup = 810C90391E9F391E00F65A44;
			productRefGroup = 810C90431E9F391E00F65A44 /* Products */;
			projectDirPath = "";
			projectRoot = "";
			targets = (
				810C90411E9F391E00F65A44 /* Day2_TableView */,
				810C90551E9F391E00F65A44 /* Day2_TableViewTests */,
				810C90601E9F391E00F65A44 /* Day2_TableViewUITests */,
			);
		};
/* End PBXProject section */

/* Begin PBXResourcesBuildPhase section */
		810C90401E9F391E00F65A44 /* Resources */ = {
			isa = PBXResourcesBuildPhase;
			buildActionMask = 2147483647;
			files = (
				810C90501E9F391E00F65A44 /* LaunchScreen.storyboard in Resources */,
				810C904D1E9F391E00F65A44 /* Assets.xcassets in Resources */,
				810C904B1E9F391E00F65A44 /* Main.storyboard in Resources */,
			);
			runOnlyForDeploymentPostprocessing = 0;
		};
		810C90541E9F391E00F65A44 /* Resources */ = {
			isa = PBXResourcesBuildPhase;
			buildActionMask = 2147483647;
			files = (
			);
			runOnlyForDeploymentPostprocessing = 0;
		};
		810C905F1E9F391E00F65A44 /* Resources */ = {
			isa = PBXResourcesBuildPhase;
			buildActionMask = 2147483647;
			files = (
			);
			runOnlyForDeploymentPostprocessing = 0;
		};
/* End PBXResourcesBuildPhase section */

/* Begin PBXSourcesBuildPhase section */
		810C903E1E9F391E00F65A44 /* Sources */ = {
			isa = PBXSourcesBuildPhase;
			buildActionMask = 2147483647;
			files = (
				810C90481E9F391E00F65A44 /* ViewController.swift in Sources */,
				810C90741E9F3E8E00F65A44 /* MyTableViewController.swift in Sources */,
				810C90461E9F391E00F65A44 /* AppDelegate.swift in Sources */,
			);
			runOnlyForDeploymentPostprocessing = 0;
		};
		810C90521E9F391E00F65A44 /* Sources */ = {
			isa = PBXSourcesBuildPhase;
			buildActionMask = 2147483647;
			files = (
				810C905B1E9F391E00F65A44 /* Day2_TableViewTests.swift in Sources */,
			);
			runOnlyForDeploymentPostprocessing = 0;
		};
		810C905D1E9F391E00F65A44 /* Sources */ = {
			isa = PBXSourcesBuildPhase;
			buildActionMask = 2147483647;
			files = (
				810C90661E9F391E00F65A44 /* Day2_TableViewUITests.swift in Sources */,
			);
			runOnlyForDeploymentPostprocessing = 0;
		};
/* End PBXSourcesBuildPhase section */

/* Begin PBXTargetDependency section */
		810C90581E9F391E00F65A44 /* PBXTargetDependency */ = {
			isa = PBXTargetDependency;
			target = 810C90411E9F391E00F65A44 /* Day2_TableView */;
			targetProxy = 810C90571E9F391E00F65A44 /* PBXContainerItemProxy */;
		};
		810C90631E9F391E00F65A44 /* PBXTargetDependency */ = {
			isa = PBXTargetDependency;
			target = 810C90411E9F391E00F65A44 /* Day2_TableView */;
			targetProxy = 810C90621E9F391E00F65A44 /* PBXContainerItemProxy */;
		};
/* End PBXTargetDependency section */

/* Begin PBXVariantGroup section */
		810C90491E9F391E00F65A44 /* Main.storyboard */ = {
			isa = PBXVariantGroup;
			children = (
				810C904A1E9F391E00F65A44 /* Base */,
			);
			name = Main.storyboard;
			sourceTree = "<group>";
		};
		810C904E1E9F391E00F65A44 /* LaunchScreen.storyboard */ = {
			isa = PBXVariantGroup;
			children = (
				810C904F1E9F391E00F65A44 /* Base */,
			);
			name = LaunchScreen.storyboard;
			sourceTree = "<group>";
		};
/* End PBXVariantGroup section */

/* Begin XCBuildConfiguration section */
		810C90681E9F391E00F65A44 /* Debug */ = {
			isa = XCBuildConfiguration;
			buildSettings = {
				ALWAYS_SEARCH_USER_PATHS = NO;
				CLANG_ANALYZER_NONNULL = YES;
				CLANG_ANALYZER_NUMBER_OBJECT_CONVERSION = YES_AGGRESSIVE;
				CLANG_CXX_LANGUAGE_STANDARD = "gnu++0x";
				CLANG_CXX_LIBRARY = "libc++";
				CLANG_ENABLE_MODULES = YES;
				CLANG_ENABLE_OBJC_ARC = YES;
				CLANG_WARN_BOOL_CONVERSION = YES;
				CLANG_WARN_CONSTANT_CONVERSION = YES;
				CLANG_WARN_DIRECT_OBJC_ISA_USAGE = YES_ERROR;
				CLANG_WARN_DOCUMENTATION_COMMENTS = YES;
				CLANG_WARN_EMPTY_BODY = YES;
				CLANG_WARN_ENUM_CONVERSION = YES;
				CLANG_WARN_INFINITE_RECURSION = YES;
				CLANG_WARN_INT_CONVERSION = YES;
				CLANG_WARN_OBJC_ROOT_CLASS = YES_ERROR;
				CLANG_WARN_SUSPICIOUS_MOVE = YES;
				CLANG_WARN_UNREACHABLE_CODE = YES;
				CLANG_WARN__DUPLICATE_METHOD_MATCH = YES;
				"CODE_SIGN_IDENTITY[sdk=iphoneos*]" = "iPhone Developer";
				COPY_PHASE_STRIP = NO;
				DEBUG_INFORMATION_FORMAT = dwarf;
				ENABLE_STRICT_OBJC_MSGSEND = YES;
				ENABLE_TESTABILITY = YES;
				GCC_C_LANGUAGE_STANDARD = gnu99;
				GCC_DYNAMIC_NO_PIC = NO;
				GCC_NO_COMMON_BLOCKS = YES;
				GCC_OPTIMIZATION_LEVEL = 0;
				GCC_PREPROCESSOR_DEFINITIONS = (
					"DEBUG=1",
					"$(inherited)",
				);
				GCC_WARN_64_TO_32_BIT_CONVERSION = YES;
				GCC_WARN_ABOUT_RETURN_TYPE = YES_ERROR;
				GCC_WARN_UNDECLARED_SELECTOR = YES;
				GCC_WARN_UNINITIALIZED_AUTOS = YES_AGGRESSIVE;
				GCC_WARN_UNUSED_FUNCTION = YES;
				GCC_WARN_UNUSED_VARIABLE = YES;
				IPHONEOS_DEPLOYMENT_TARGET = 10.3;
				MTL_ENABLE_DEBUG_INFO = YES;
				ONLY_ACTIVE_ARCH = YES;
				SDKROOT = iphoneos;
				SWIFT_ACTIVE_COMPILATION_CONDITIONS = DEBUG;
				SWIFT_OPTIMIZATION_LEVEL = "-Onone";
			};
			name = Debug;
		};
		810C90691E9F391E00F65A44 /* Release */ = {
			isa = XCBuildConfiguration;
			buildSettings = {
				ALWAYS_SEARCH_USER_PATHS = NO;
				CLANG_ANALYZER_NONNULL = YES;
				CLANG_ANALYZER_NUMBER_OBJECT_CONVERSION = YES_AGGRESSIVE;
				CLANG_CXX_LANGUAGE_STANDARD = "gnu++0x";
				CLANG_CXX_LIBRARY = "libc++";
				CLANG_ENABLE_MODULES = YES;
				CLANG_ENABLE_OBJC_ARC = YES;
				CLANG_WARN_BOOL_CONVERSION = YES;
				CLANG_WARN_CONSTANT_CONVERSION = YES;
				CLANG_WARN_DIRECT_OBJC_ISA_USAGE = YES_ERROR;
				CLANG_WARN_DOCUMENTATION_COMMENTS = YES;
				CLANG_WARN_EMPTY_BODY = YES;
				CLANG_WARN_ENUM_CONVERSION = YES;
				CLANG_WARN_INFINITE_RECURSION = YES;
				CLANG_WARN_INT_CONVERSION = YES;
				CLANG_WARN_OBJC_ROOT_CLASS = YES_ERROR;
				CLANG_WARN_SUSPICIOUS_MOVE = YES;
				CLANG_WARN_UNREACHABLE_CODE = YES;
				CLANG_WARN__DUPLICATE_METHOD_MATCH = YES;
				"CODE_SIGN_IDENTITY[sdk=iphoneos*]" = "iPhone Developer";
				COPY_PHASE_STRIP = NO;
				DEBUG_INFORMATION_FORMAT = "dwarf-with-dsym";
				ENABLE_NS_ASSERTIONS = NO;
				ENABLE_STRICT_OBJC_MSGSEND = YES;
				GCC_C_LANGUAGE_STANDARD = gnu99;
				GCC_NO_COMMON_BLOCKS = YES;
				GCC_WARN_64_TO_32_BIT_CONVERSION = YES;
				GCC_WARN_ABOUT_RETURN_TYPE = YES_ERROR;
				GCC_WARN_UNDECLARED_SELECTOR = YES;
				GCC_WARN_UNINITIALIZED_AUTOS = YES_AGGRESSIVE;
				GCC_WARN_UNUSED_FUNCTION = YES;
				GCC_WARN_UNUSED_VARIABLE = YES;
				IPHONEOS_DEPLOYMENT_TARGET = 10.3;
				MTL_ENABLE_DEBUG_INFO = NO;
				SDKROOT = iphoneos;
				SWIFT_OPTIMIZATION_LEVEL = "-Owholemodule";
				VALIDATE_PRODUCT = YES;
			};
			name = Release;
		};
		810C906B1E9F391E00F65A44 /* Debug */ = {
			isa = XCBuildConfiguration;
			buildSettings = {
				ASSETCATALOG_COMPILER_APPICON_NAME = AppIcon;
				DEVELOPMENT_TEAM = Y5QWNYRA25;
				INFOPLIST_FILE = Day2_TableView/Info.plist;
				LD_RUNPATH_SEARCH_PATHS = "$(inherited) @executable_path/Frameworks";
				PRODUCT_BUNDLE_IDENTIFIER = "skcc.sks.com.Day2-TableView";
				PRODUCT_NAME = "$(TARGET_NAME)";
				SWIFT_VERSION = 3.0;
			};
			name = Debug;
		};
		810C906C1E9F391E00F65A44 /* Release */ = {
			isa = XCBuildConfiguration;
			buildSettings = {
				ASSETCATALOG_COMPILER_APPICON_NAME = AppIcon;
				DEVELOPMENT_TEAM = Y5QWNYRA25;
				INFOPLIST_FILE = Day2_TableView/Info.plist;
				LD_RUNPATH_SEARCH_PATHS = "$(inherited) @executable_path/Frameworks";
				PRODUCT_BUNDLE_IDENTIFIER = "skcc.sks.com.Day2-TableView";
				PRODUCT_NAME = "$(TARGET_NAME)";
				SWIFT_VERSION = 3.0;
			};
			name = Release;
		};
		810C906E1E9F391E00F65A44 /* Debug */ = {
			isa = XCBuildConfiguration;
			buildSettings = {
				ALWAYS_EMBED_SWIFT_STANDARD_LIBRARIES = YES;
				BUNDLE_LOADER = "$(TEST_HOST)";
				DEVELOPMENT_TEAM = Y5QWNYRA25;
				INFOPLIST_FILE = Day2_TableViewTests/Info.plist;
				LD_RUNPATH_SEARCH_PATHS = "$(inherited) @executable_path/Frameworks @loader_path/Frameworks";
				PRODUCT_BUNDLE_IDENTIFIER = "skcc.sks.com.Day2-TableViewTests";
				PRODUCT_NAME = "$(TARGET_NAME)";
				SWIFT_VERSION = 3.0;
				TEST_HOST = "$(BUILT_PRODUCTS_DIR)/Day2_TableView.app/Day2_TableView";
			};
			name = Debug;
		};
		810C906F1E9F391E00F65A44 /* Release */ = {
			isa = XCBuildConfiguration;
			buildSettings = {
				ALWAYS_EMBED_SWIFT_STANDARD_LIBRARIES = YES;
				BUNDLE_LOADER = "$(TEST_HOST)";
				DEVELOPMENT_TEAM = Y5QWNYRA25;
				INFOPLIST_FILE = Day2_TableViewTests/Info.plist;
				LD_RUNPATH_SEARCH_PATHS = "$(inherited) @executable_path/Frameworks @loader_path/Frameworks";
				PRODUCT_BUNDLE_IDENTIFIER = "skcc.sks.com.Day2-TableViewTests";
				PRODUCT_NAME = "$(TARGET_NAME)";
				SWIFT_VERSION = 3.0;
				TEST_HOST = "$(BUILT_PRODUCTS_DIR)/Day2_TableView.app/Day2_TableView";
			};
			name = Release;
		};
		810C90711E9F391E00F65A44 /* Debug */ = {
			isa = XCBuildConfiguration;
			buildSettings = {
				ALWAYS_EMBED_SWIFT_STANDARD_LIBRARIES = YES;
				DEVELOPMENT_TEAM = Y5QWNYRA25;
				INFOPLIST_FILE = Day2_TableViewUITests/Info.plist;
				LD_RUNPATH_SEARCH_PATHS = "$(inherited) @executable_path/Frameworks @loader_path/Frameworks";
				PRODUCT_BUNDLE_IDENTIFIER = "skcc.sks.com.Day2-TableViewUITests";
				PRODUCT_NAME = "$(TARGET_NAME)";
				SWIFT_VERSION = 3.0;
				TEST_TARGET_NAME = Day2_TableView;
			};
			name = Debug;
		};
		810C90721E9F391E00F65A44 /* Release */ = {
			isa = XCBuildConfiguration;
			buildSettings = {
				ALWAYS_EMBED_SWIFT_STANDARD_LIBRARIES = YES;
				DEVELOPMENT_TEAM = Y5QWNYRA25;
				INFOPLIST_FILE = Day2_TableViewUITests/Info.plist;
				LD_RUNPATH_SEARCH_PATHS = "$(inherited) @executable_path/Frameworks @loader_path/Frameworks";
				PRODUCT_BUNDLE_IDENTIFIER = "skcc.sks.com.Day2-TableViewUITests";
				PRODUCT_NAME = "$(TARGET_NAME)";
				SWIFT_VERSION = 3.0;
				TEST_TARGET_NAME = Day2_TableView;
			};
			name = Release;
		};
/* End XCBuildConfiguration section */

/* Begin XCConfigurationList section */
		810C903D1E9F391E00F65A44 /* Build configuration list for PBXProject "Day2_TableView" */ = {
			isa = XCConfigurationList;
			buildConfigurations = (
				810C90681E9F391E00F65A44 /* Debug */,
				810C90691E9F391E00F65A44 /* Release */,
			);
			defaultConfigurationIsVisible = 0;
			defaultConfigurationName = Release;
		};
		810C906A1E9F391E00F65A44 /* Build configuration list for PBXNativeTarget "Day2_TableView" */ = {
			isa = XCConfigurationList;
			buildConfigurations = (
				810C906B1E9F391E00F65A44 /* Debug */,
				810C906C1E9F391E00F65A44 /* Release */,
			);
			defaultConfigurationIsVisible = 0;
		};
		810C906D1E9F391E00F65A44 /* Build configuration list for PBXNativeTarget "Day2_TableViewTests" */ = {
			isa = XCConfigurationList;
			buildConfigurations = (
				810C906E1E9F391E00F65A44 /* Debug */,
				810C906F1E9F391E00F65A44 /* Release */,
			);
			defaultConfigurationIsVisible = 0;
		};
		810C90701E9F391E00F65A44 /* Build configuration list for PBXNativeTarget "Day2_TableViewUITests" */ = {
			isa = XCConfigurationList;
			buildConfigurations = (
				810C90711E9F391E00F65A44 /* Debug */,
				810C90721E9F391E00F65A44 /* Release */,
			);
			defaultConfigurationIsVisible = 0;
		};
/* End XCConfigurationList section */
	};
	rootObject = 810C903A1E9F391E00F65A44 /* Project object */;
}
